
Microsoft Visual Studio Solution File, Format Version 12.00
# Visual Studio Version 17
VisualStudioVersion = 17.11.35327.3
MinimumVisualStudioVersion = 10.0.40219.1
Project("{FAE04EC0-301F-11D3-BF4B-00C04F79EFBC}") = "WFNovo", "WFNovo\WFNovo.csproj", "{2EADB6E2-2589-416F-91D5-0E556CCB626C}"
EndProject
Global
	GlobalSection(SolutionConfigurationPlatforms) = preSolution
		Debug|Any CPU = Debug|Any CPU
		Release|Any CPU = Release|Any CPU
	EndGlobalSection
	GlobalSection(ProjectConfigurationPlatforms) = postSolution
		{2EADB6E2-2589-416F-91D5-0E556CCB626C}.Debug|Any CPU.ActiveCfg = Debug|Any CPU
		{2EADB6E2-2589-416F-91D5-0E556CCB626C}.Debug|Any CPU.Build.0 = Debug|Any CPU
		{2EADB6E2-2589-416F-91D5-0E556CCB626C}.Release|Any CPU.ActiveCfg = Release|Any CPU
		{2EADB6E2-2589-416F-91D5-0E556CCB626C}.Release|Any CPU.Build.0 = Release|Any CPU
	EndGlobalSection
	GlobalSection(SolutionProperties) = preSolution
		HideSolutionNode = FALSE
	EndGlobalSection
	GlobalSection(ExtensibilityGlobals) = postSolution
		SolutionGuid = {1ED437E8-257B-4A8F-A92A-7333404D84D0}
	EndGlobalSection
EndGlobal
